
Microsoft Visual Studio Solution File, Format Version 12.00
# Visual Studio Version 17
VisualStudioVersion = 17.4.33122.133
MinimumVisualStudioVersion = 10.0.40219.1
Project("{FAE04EC0-301F-11D3-BF4B-00C04F79EFBC}") = "BDWalks.API", "BDWalks.API\BDWalks.API.csproj", "{9E8AA293-0781-4382-AB39-7D0E1567FD8E}"
EndProject
Global
	GlobalSection(SolutionConfigurationPlatforms) = preSolution
		Debug|Any CPU = Debug|Any CPU
		Release|Any CPU = Release|Any CPU
	EndGlobalSection
	GlobalSection(ProjectConfigurationPlatforms) = postSolution
		{9E8AA293-0781-4382-AB39-7D0E1567FD8E}.Debug|Any CPU.ActiveCfg = Debug|Any CPU
		{9E8AA293-0781-4382-AB39-7D0E1567FD8E}.Debug|Any CPU.Build.0 = Debug|Any CPU
		{9E8AA293-0781-4382-AB39-7D0E1567FD8E}.Release|Any CPU.ActiveCfg = Release|Any CPU
		{9E8AA293-0781-4382-AB39-7D0E1567FD8E}.Release|Any CPU.Build.0 = Release|Any CPU
	EndGlobalSection
	GlobalSection(SolutionProperties) = preSolution
		HideSolutionNode = FALSE
	EndGlobalSection
	GlobalSection(ExtensibilityGlobals) = postSolution
		SolutionGuid = {F46056BB-62B9-42A7-B403-62A26D7268C5}
	EndGlobalSection
EndGlobal
